
Microsoft Visual Studio Solution File, Format Version 12.00
# Visual Studio Version 16
VisualStudioVersion = 16.0.29324.140
MinimumVisualStudioVersion = 10.0.40219.1
Project("{FAE04EC0-301F-11D3-BF4B-00C04F79EFBC}") = "lab work 1.4", "lab work 1.4\lab work 1.4.csproj", "{87B2B22A-0AE2-48A8-8CF4-AC57DCAE1F15}"
EndProject
Global
	GlobalSection(SolutionConfigurationPlatforms) = preSolution
		Debug|Any CPU = Debug|Any CPU
		Release|Any CPU = Release|Any CPU
	EndGlobalSection
	GlobalSection(ProjectConfigurationPlatforms) = postSolution
		{87B2B22A-0AE2-48A8-8CF4-AC57DCAE1F15}.Debug|Any CPU.ActiveCfg = Debug|Any CPU
		{87B2B22A-0AE2-48A8-8CF4-AC57DCAE1F15}.Debug|Any CPU.Build.0 = Debug|Any CPU
		{87B2B22A-0AE2-48A8-8CF4-AC57DCAE1F15}.Release|Any CPU.ActiveCfg = Release|Any CPU
		{87B2B22A-0AE2-48A8-8CF4-AC57DCAE1F15}.Release|Any CPU.Build.0 = Release|Any CPU
	EndGlobalSection
	GlobalSection(SolutionProperties) = preSolution
		HideSolutionNode = FALSE
	EndGlobalSection
	GlobalSection(ExtensibilityGlobals) = postSolution
		SolutionGuid = {50423EEC-D7BD-46EB-95EA-3DBBC860344F}
	EndGlobalSection
EndGlobal
